// !$*UTF8*$!
{
	archiveVersion = 1;
	classes = {
	};
	objectVersion = 50;
	objects = {

/* Begin PBXBuildFile section */
		E332677420CCE4EA00C13ECC /* AppDelegate.m in Sources */ = {isa = PBXBuildFile; fileRef = E332677320CCE4EA00C13ECC /* AppDelegate.m */; };
		E332677A20CCE4EA00C13ECC /* Main.storyboard in Resources */ = {isa = PBXBuildFile; fileRef = E332677820CCE4EA00C13ECC /* Main.storyboard */; };
		E332677C20CCE4EC00C13ECC /* Assets.xcassets in Resources */ = {isa = PBXBuildFile; fileRef = E332677B20CCE4EC00C13ECC /* Assets.xcassets */; };
		E332677F20CCE4EC00C13ECC /* LaunchScreen.storyboard in Resources */ = {isa = PBXBuildFile; fileRef = E332677D20CCE4EC00C13ECC /* LaunchScreen.storyboard */; };
		E332678220CCE4EC00C13ECC /* main.m in Sources */ = {isa = PBXBuildFile; fileRef = E332678120CCE4EC00C13ECC /* main.m */; };
		E332678C20CCE4EC00C13ECC /* TriviaTests.m in Sources */ = {isa = PBXBuildFile; fileRef = E332678B20CCE4EC00C13ECC /* TriviaTests.m */; };
		E332679720CCE4EC00C13ECC /* TriviaUITests.m in Sources */ = {isa = PBXBuildFile; fileRef = E332679620CCE4EC00C13ECC /* TriviaUITests.m */; };
		E341272020E03B630076BE66 /* trivia.db in Resources */ = {isa = PBXBuildFile; fileRef = E341271F20E03B630076BE66 /* trivia.db */; };
		E341272120E03B630076BE66 /* trivia.db in Resources */ = {isa = PBXBuildFile; fileRef = E341271F20E03B630076BE66 /* trivia.db */; };
		E341272220E03B630076BE66 /* trivia.db in Resources */ = {isa = PBXBuildFile; fileRef = E341271F20E03B630076BE66 /* trivia.db */; };
		E341272520E052E30076BE66 /* Buttons.m in Sources */ = {isa = PBXBuildFile; fileRef = E341272420E052E30076BE66 /* Buttons.m */; };
		E341272620E052E30076BE66 /* Buttons.m in Sources */ = {isa = PBXBuildFile; fileRef = E341272420E052E30076BE66 /* Buttons.m */; };
		E341272720E052E30076BE66 /* Buttons.m in Sources */ = {isa = PBXBuildFile; fileRef = E341272420E052E30076BE66 /* Buttons.m */; };
		E38FB97520E08A1B0011A9D8 /* Labels.m in Sources */ = {isa = PBXBuildFile; fileRef = E38FB97420E08A1B0011A9D8 /* Labels.m */; };
		E38FB97820E0A0CE0011A9D8 /* customSegue.m in Sources */ = {isa = PBXBuildFile; fileRef = E38FB97720E0A0CE0011A9D8 /* customSegue.m */; };
		E3E4EA3E20CEFF8D00322B27 /* DBManager.m in Sources */ = {isa = PBXBuildFile; fileRef = E3E4EA3D20CEFF8D00322B27 /* DBManager.m */; };
		E3E4EA4120CF01AD00322B27 /* StartViewController.m in Sources */ = {isa = PBXBuildFile; fileRef = E3E4EA4020CF01AD00322B27 /* StartViewController.m */; };
		E3E4EA4520CF01E800322B27 /* PlayViewController.m in Sources */ = {isa = PBXBuildFile; fileRef = E3E4EA4420CF01E800322B27 /* PlayViewController.m */; };
		E3E4EA5D20D04B2200322B27 /* Validate.m in Sources */ = {isa = PBXBuildFile; fileRef = E3E4EA5C20D04B2200322B27 /* Validate.m */; };
		E3E4EA6A20D5DA1100322B27 /* SteelCircular.jpg in Resources */ = {isa = PBXBuildFile; fileRef = E3E4EA6920D5DA1000322B27 /* SteelCircular.jpg */; };
		E3E4EA6B20D5DA1100322B27 /* SteelCircular.jpg in Resources */ = {isa = PBXBuildFile; fileRef = E3E4EA6920D5DA1000322B27 /* SteelCircular.jpg */; };
		E3E4EA6C20D5DA1100322B27 /* SteelCircular.jpg in Resources */ = {isa = PBXBuildFile; fileRef = E3E4EA6920D5DA1000322B27 /* SteelCircular.jpg */; };
		E3E4EA6E20D5FA1A00322B27 /* metalGrid.jpg in Resources */ = {isa = PBXBuildFile; fileRef = E3E4EA6D20D5FA1A00322B27 /* metalGrid.jpg */; };
		E3E4EA6F20D5FA1A00322B27 /* metalGrid.jpg in Resources */ = {isa = PBXBuildFile; fileRef = E3E4EA6D20D5FA1A00322B27 /* metalGrid.jpg */; };
		E3E4EA7020D5FA1A00322B27 /* metalGrid.jpg in Resources */ = {isa = PBXBuildFile; fileRef = E3E4EA6D20D5FA1A00322B27 /* metalGrid.jpg */; };
		E3E4EA7220D5FA4800322B27 /* blackStone.jpg in Resources */ = {isa = PBXBuildFile; fileRef = E3E4EA7120D5FA4800322B27 /* blackStone.jpg */; };
		E3E4EA7320D5FA4800322B27 /* blackStone.jpg in Resources */ = {isa = PBXBuildFile; fileRef = E3E4EA7120D5FA4800322B27 /* blackStone.jpg */; };
		E3E4EA7420D5FA4800322B27 /* blackStone.jpg in Resources */ = {isa = PBXBuildFile; fileRef = E3E4EA7120D5FA4800322B27 /* blackStone.jpg */; };
		E3E4EA7620D60FB400322B27 /* parquet.jpg in Resources */ = {isa = PBXBuildFile; fileRef = E3E4EA7520D60FB300322B27 /* parquet.jpg */; };
		E3E4EA7720D60FB400322B27 /* parquet.jpg in Resources */ = {isa = PBXBuildFile; fileRef = E3E4EA7520D60FB300322B27 /* parquet.jpg */; };
		E3E4EA7820D60FB400322B27 /* parquet.jpg in Resources */ = {isa = PBXBuildFile; fileRef = E3E4EA7520D60FB300322B27 /* parquet.jpg */; };
		E3E4EA7A20D60FC700322B27 /* darkWood.jpg in Resources */ = {isa = PBXBuildFile; fileRef = E3E4EA7920D60FC600322B27 /* darkWood.jpg */; };
		E3E4EA7B20D60FC700322B27 /* darkWood.jpg in Resources */ = {isa = PBXBuildFile; fileRef = E3E4EA7920D60FC600322B27 /* darkWood.jpg */; };
		E3E4EA7C20D60FC700322B27 /* darkWood.jpg in Resources */ = {isa = PBXBuildFile; fileRef = E3E4EA7920D60FC600322B27 /* darkWood.jpg */; };
		E3E4EA7E20D60FDB00322B27 /* wood.jpg in Resources */ = {isa = PBXBuildFile; fileRef = E3E4EA7D20D60FDA00322B27 /* wood.jpg */; };
		E3E4EA7F20D60FDB00322B27 /* wood.jpg in Resources */ = {isa = PBXBuildFile; fileRef = E3E4EA7D20D60FDA00322B27 /* wood.jpg */; };
		E3E4EA8020D60FDB00322B27 /* wood.jpg in Resources */ = {isa = PBXBuildFile; fileRef = E3E4EA7D20D60FDA00322B27 /* wood.jpg */; };
		E3E4EA8220D6109300322B27 /* concrete.jpg in Resources */ = {isa = PBXBuildFile; fileRef = E3E4EA8120D6109300322B27 /* concrete.jpg */; };
		E3E4EA8320D6109300322B27 /* concrete.jpg in Resources */ = {isa = PBXBuildFile; fileRef = E3E4EA8120D6109300322B27 /* concrete.jpg */; };
		E3E4EA8420D6109300322B27 /* concrete.jpg in Resources */ = {isa = PBXBuildFile; fileRef = E3E4EA8120D6109300322B27 /* concrete.jpg */; };
		E3E4EA8A20D6C22A00322B27 /* metalRidges.jpg in Resources */ = {isa = PBXBuildFile; fileRef = E3E4EA8920D6C22900322B27 /* metalRidges.jpg */; };
		E3E4EA8B20D6C22A00322B27 /* metalRidges.jpg in Resources */ = {isa = PBXBuildFile; fileRef = E3E4EA8920D6C22900322B27 /* metalRidges.jpg */; };
		E3E4EA8C20D6C22A00322B27 /* metalRidges.jpg in Resources */ = {isa = PBXBuildFile; fileRef = E3E4EA8920D6C22900322B27 /* metalRidges.jpg */; };
		E3E4EA8E20D6C25600322B27 /* bronze.jpg in Resources */ = {isa = PBXBuildFile; fileRef = E3E4EA8D20D6C25600322B27 /* bronze.jpg */; };
		E3E4EA8F20D6C25600322B27 /* bronze.jpg in Resources */ = {isa = PBXBuildFile; fileRef = E3E4EA8D20D6C25600322B27 /* bronze.jpg */; };
		E3E4EA9020D6C25600322B27 /* bronze.jpg in Resources */ = {isa = PBXBuildFile; fileRef = E3E4EA8D20D6C25600322B27 /* bronze.jpg */; };
		E3ED693520DEF01E00E59D78 /* SpeedViewController.m in Sources */ = {isa = PBXBuildFile; fileRef = E3ED693420DEF01E00E59D78 /* SpeedViewController.m */; };
/* End PBXBuildFile section */

/* Begin PBXContainerItemProxy section */
		E332678820CCE4EC00C13ECC /* PBXContainerItemProxy */ = {
			isa = PBXContainerItemProxy;
			containerPortal = E332676720CCE4E900C13ECC /* Project object */;
			proxyType = 1;
			remoteGlobalIDString = E332676E20CCE4EA00C13ECC;
			remoteInfo = Trivia;
		};
		E332679320CCE4EC00C13ECC /* PBXContainerItemProxy */ = {
			isa = PBXContainerItemProxy;
			containerPortal = E332676720CCE4E900C13ECC /* Project object */;
			proxyType = 1;
			remoteGlobalIDString = E332676E20CCE4EA00C13ECC;
			remoteInfo = Trivia;
		};
/* End PBXContainerItemProxy section */

/* Begin PBXFileReference section */
		E332676F20CCE4EA00C13ECC /* Trivia.app */ = {isa = PBXFileReference; explicitFileType = wrapper.application; includeInIndex = 0; path = Trivia.app; sourceTree = BUILT_PRODUCTS_DIR; };
		E332677220CCE4EA00C13ECC /* AppDelegate.h */ = {isa = PBXFileReference; lastKnownFileType = sourcecode.c.h; path = AppDelegate.h; sourceTree = "<group>"; };
		E332677320CCE4EA00C13ECC /* AppDelegate.m */ = {isa = PBXFileReference; lastKnownFileType = sourcecode.c.objc; path = AppDelegate.m; sourceTree = "<group>"; };
		E332677920CCE4EA00C13ECC /* Base */ = {isa = PBXFileReference; lastKnownFileType = file.storyboard; name = Base; path = Base.lproj/Main.storyboard; sourceTree = "<group>"; };
		E332677B20CCE4EC00C13ECC /* Assets.xcassets */ = {isa = PBXFileReference; lastKnownFileType = folder.assetcatalog; path = Assets.xcassets; sourceTree = "<group>"; };
		E332677E20CCE4EC00C13ECC /* Base */ = {isa = PBXFileReference; lastKnownFileType = file.storyboard; name = Base; path = Base.lproj/LaunchScreen.storyboard; sourceTree = "<group>"; };
		E332678020CCE4EC00C13ECC /* Info.plist */ = {isa = PBXFileReference; lastKnownFileType = text.plist.xml; path = Info.plist; sourceTree = "<group>"; };
		E332678120CCE4EC00C13ECC /* main.m */ = {isa = PBXFileReference; lastKnownFileType = sourcecode.c.objc; path = main.m; sourceTree = "<group>"; };
		E332678720CCE4EC00C13ECC /* TriviaTests.xctest */ = {isa = PBXFileReference; explicitFileType = wrapper.cfbundle; includeInIndex = 0; path = TriviaTests.xctest; sourceTree = BUILT_PRODUCTS_DIR; };
		E332678B20CCE4EC00C13ECC /* TriviaTests.m */ = {isa = PBXFileReference; lastKnownFileType = sourcecode.c.objc; path = TriviaTests.m; sourceTree = "<group>"; };
		E332678D20CCE4EC00C13ECC /* Info.plist */ = {isa = PBXFileReference; lastKnownFileType = text.plist.xml; path = Info.plist; sourceTree = "<group>"; };
		E332679220CCE4EC00C13ECC /* TriviaUITests.xctest */ = {isa = PBXFileReference; explicitFileType = wrapper.cfbundle; includeInIndex = 0; path = TriviaUITests.xctest; sourceTree = BUILT_PRODUCTS_DIR; };
		E332679620CCE4EC00C13ECC /* TriviaUITests.m */ = {isa = PBXFileReference; lastKnownFileType = sourcecode.c.objc; path = TriviaUITests.m; sourceTree = "<group>"; };
		E332679820CCE4EC00C13ECC /* Info.plist */ = {isa = PBXFileReference; lastKnownFileType = text.plist.xml; path = Info.plist; sourceTree = "<group>"; };
		E341271F20E03B630076BE66 /* trivia.db */ = {isa = PBXFileReference; lastKnownFileType = file; path = trivia.db; sourceTree = "<group>"; };
		E341272320E052E30076BE66 /* Buttons.h */ = {isa = PBXFileReference; lastKnownFileType = sourcecode.c.h; path = Buttons.h; sourceTree = "<group>"; };
		E341272420E052E30076BE66 /* Buttons.m */ = {isa = PBXFileReference; lastKnownFileType = sourcecode.c.objc; path = Buttons.m; sourceTree = "<group>"; };
		E38FB97320E08A1B0011A9D8 /* Labels.h */ = {isa = PBXFileReference; lastKnownFileType = sourcecode.c.h; path = Labels.h; sourceTree = "<group>"; };
		E38FB97420E08A1B0011A9D8 /* Labels.m */ = {isa = PBXFileReference; lastKnownFileType = sourcecode.c.objc; path = Labels.m; sourceTree = "<group>"; };
		E38FB97620E0A0CE0011A9D8 /* customSegue.h */ = {isa = PBXFileReference; lastKnownFileType = sourcecode.c.h; path = customSegue.h; sourceTree = "<group>"; };
		E38FB97720E0A0CE0011A9D8 /* customSegue.m */ = {isa = PBXFileReference; lastKnownFileType = sourcecode.c.objc; path = customSegue.m; sourceTree = "<group>"; };
		E3E4EA3C20CEFF8D00322B27 /* DBManager.h */ = {isa = PBXFileReference; lastKnownFileType = sourcecode.c.h; path = DBManager.h; sourceTree = "<group>"; };
		E3E4EA3D20CEFF8D00322B27 /* DBManager.m */ = {isa = PBXFileReference; lastKnownFileType = sourcecode.c.objc; path = DBManager.m; sourceTree = "<group>"; };
		E3E4EA3F20CF01AD00322B27 /* StartViewController.h */ = {isa = PBXFileReference; lastKnownFileType = sourcecode.c.h; path = StartViewController.h; sourceTree = "<group>"; };
		E3E4EA4020CF01AD00322B27 /* StartViewController.m */ = {isa = PBXFileReference; lastKnownFileType = sourcecode.c.objc; path = StartViewController.m; sourceTree = "<group>"; };
		E3E4EA4320CF01E800322B27 /* PlayViewController.h */ = {isa = PBXFileReference; lastKnownFileType = sourcecode.c.h; path = PlayViewController.h; sourceTree = "<group>"; };
		E3E4EA4420CF01E800322B27 /* PlayViewController.m */ = {isa = PBXFileReference; lastKnownFileType = sourcecode.c.objc; path = PlayViewController.m; sourceTree = "<group>"; };
		E3E4EA5B20D04B2200322B27 /* Validate.h */ = {isa = PBXFileReference; lastKnownFileType = sourcecode.c.h; path = Validate.h; sourceTree = "<group>"; };
		E3E4EA5C20D04B2200322B27 /* Validate.m */ = {isa = PBXFileReference; lastKnownFileType = sourcecode.c.objc; path = Validate.m; sourceTree = "<group>"; };
		E3E4EA6920D5DA1000322B27 /* SteelCircular.jpg */ = {isa = PBXFileReference; lastKnownFileType = image.jpeg; path = SteelCircular.jpg; sourceTree = "<group>"; };
		E3E4EA6D20D5FA1A00322B27 /* metalGrid.jpg */ = {isa = PBXFileReference; lastKnownFileType = image.jpeg; path = metalGrid.jpg; sourceTree = "<group>"; };
		E3E4EA7120D5FA4800322B27 /* blackStone.jpg */ = {isa = PBXFileReference; lastKnownFileType = image.jpeg; path = blackStone.jpg; sourceTree = "<group>"; };
		E3E4EA7520D60FB300322B27 /* parquet.jpg */ = {isa = PBXFileReference; lastKnownFileType = image.jpeg; path = parquet.jpg; sourceTree = "<group>"; };
		E3E4EA7920D60FC600322B27 /* darkWood.jpg */ = {isa = PBXFileReference; lastKnownFileType = image.jpeg; path = darkWood.jpg; sourceTree = "<group>"; };
		E3E4EA7D20D60FDA00322B27 /* wood.jpg */ = {isa = PBXFileReference; lastKnownFileType = image.jpeg; path = wood.jpg; sourceTree = "<group>"; };
		E3E4EA8120D6109300322B27 /* concrete.jpg */ = {isa = PBXFileReference; lastKnownFileType = image.jpeg; path = concrete.jpg; sourceTree = "<group>"; };
		E3E4EA8920D6C22900322B27 /* metalRidges.jpg */ = {isa = PBXFileReference; lastKnownFileType = image.jpeg; name = metalRidges.jpg; path = ../../../../Downloads/metalRidges.jpg; sourceTree = "<group>"; };
		E3E4EA8D20D6C25600322B27 /* bronze.jpg */ = {isa = PBXFileReference; lastKnownFileType = image.jpeg; path = bronze.jpg; sourceTree = "<group>"; };
		E3ED693320DEF01E00E59D78 /* SpeedViewController.h */ = {isa = PBXFileReference; lastKnownFileType = sourcecode.c.h; path = SpeedViewController.h; sourceTree = "<group>"; };
		E3ED693420DEF01E00E59D78 /* SpeedViewController.m */ = {isa = PBXFileReference; lastKnownFileType = sourcecode.c.objc; path = SpeedViewController.m; sourceTree = "<group>"; };
/* End PBXFileReference section */

/* Begin PBXFrameworksBuildPhase section */
		E332676C20CCE4EA00C13ECC /* Frameworks */ = {
			isa = PBXFrameworksBuildPhase;
			buildActionMask = 2147483647;
			files = (
			);
			runOnlyForDeploymentPostprocessing = 0;
		};
		E332678420CCE4EC00C13ECC /* Frameworks */ = {
			isa = PBXFrameworksBuildPhase;
			buildActionMask = 2147483647;
			files = (
			);
			runOnlyForDeploymentPostprocessing = 0;
		};
		E332678F20CCE4EC00C13ECC /* Frameworks */ = {
			isa = PBXFrameworksBuildPhase;
			buildActionMask = 2147483647;
			files = (
			);
			runOnlyForDeploymentPostprocessing = 0;
		};
/* End PBXFrameworksBuildPhase section */

/* Begin PBXGroup section */
		E332676620CCE4E900C13ECC = {
			isa = PBXGroup;
			children = (
				E332677120CCE4EA00C13ECC /* Trivia */,
				E332678A20CCE4EC00C13ECC /* TriviaTests */,
				E332679520CCE4EC00C13ECC /* TriviaUITests */,
				E332677020CCE4EA00C13ECC /* Products */,
				E341271F20E03B630076BE66 /* trivia.db */,
				E3E4EA6920D5DA1000322B27 /* SteelCircular.jpg */,
				E3E4EA6D20D5FA1A00322B27 /* metalGrid.jpg */,
				E3E4EA7120D5FA4800322B27 /* blackStone.jpg */,
				E3E4EA7520D60FB300322B27 /* parquet.jpg */,
				E3E4EA7920D60FC600322B27 /* darkWood.jpg */,
				E3E4EA8120D6109300322B27 /* concrete.jpg */,
				E3E4EA7D20D60FDA00322B27 /* wood.jpg */,
				E3E4EA8D20D6C25600322B27 /* bronze.jpg */,
				E3E4EA8920D6C22900322B27 /* metalRidges.jpg */,
			);
			sourceTree = "<group>";
		};
		E332677020CCE4EA00C13ECC /* Products */ = {
			isa = PBXGroup;
			children = (
				E332676F20CCE4EA00C13ECC /* Trivia.app */,
				E332678720CCE4EC00C13ECC /* TriviaTests.xctest */,
				E332679220CCE4EC00C13ECC /* TriviaUITests.xctest */,
			);
			name = Products;
			sourceTree = "<group>";
		};
		E332677120CCE4EA00C13ECC /* Trivia */ = {
			isa = PBXGroup;
			children = (
				E332677820CCE4EA00C13ECC /* Main.storyboard */,
				E332677220CCE4EA00C13ECC /* AppDelegate.h */,
				E332677320CCE4EA00C13ECC /* AppDelegate.m */,
				E3E4EA5A20D04A1C00322B27 /* Special Classes */,
				E3E4EA4220CF01C500322B27 /* Play */,
				E332677B20CCE4EC00C13ECC /* Assets.xcassets */,
				E332677D20CCE4EC00C13ECC /* LaunchScreen.storyboard */,
				E332678020CCE4EC00C13ECC /* Info.plist */,
				E332678120CCE4EC00C13ECC /* main.m */,
			);
			path = Trivia;
			sourceTree = "<group>";
		};
		E332678A20CCE4EC00C13ECC /* TriviaTests */ = {
			isa = PBXGroup;
			children = (
				E332678B20CCE4EC00C13ECC /* TriviaTests.m */,
				E332678D20CCE4EC00C13ECC /* Info.plist */,
			);
			path = TriviaTests;
			sourceTree = "<group>";
		};
		E332679520CCE4EC00C13ECC /* TriviaUITests */ = {
			isa = PBXGroup;
			children = (
				E332679620CCE4EC00C13ECC /* TriviaUITests.m */,
				E332679820CCE4EC00C13ECC /* Info.plist */,
			);
			path = TriviaUITests;
			sourceTree = "<group>";
		};
		E3E4EA4220CF01C500322B27 /* Play */ = {
			isa = PBXGroup;
			children = (
				E3E4EA3F20CF01AD00322B27 /* StartViewController.h */,
				E3E4EA4020CF01AD00322B27 /* StartViewController.m */,
				E3E4EA4320CF01E800322B27 /* PlayViewController.h */,
				E3E4EA4420CF01E800322B27 /* PlayViewController.m */,
				E3ED693320DEF01E00E59D78 /* SpeedViewController.h */,
				E3ED693420DEF01E00E59D78 /* SpeedViewController.m */,
			);
			path = Play;
			sourceTree = "<group>";
		};
		E3E4EA5A20D04A1C00322B27 /* Special Classes */ = {
			isa = PBXGroup;
			children = (
				E38FB97620E0A0CE0011A9D8 /* customSegue.h */,
				E38FB97720E0A0CE0011A9D8 /* customSegue.m */,
				E3E4EA3D20CEFF8D00322B27 /* DBManager.m */,
				E3E4EA3C20CEFF8D00322B27 /* DBManager.h */,
				E341272320E052E30076BE66 /* Buttons.h */,
				E341272420E052E30076BE66 /* Buttons.m */,
				E38FB97320E08A1B0011A9D8 /* Labels.h */,
				E38FB97420E08A1B0011A9D8 /* Labels.m */,
				E3E4EA5C20D04B2200322B27 /* Validate.m */,
				E3E4EA5B20D04B2200322B27 /* Validate.h */,
			);
			path = "Special Classes";
			sourceTree = "<group>";
		};
/* End PBXGroup section */

/* Begin PBXNativeTarget section */
		E332676E20CCE4EA00C13ECC /* Trivia */ = {
			isa = PBXNativeTarget;
			buildConfigurationList = E332679B20CCE4EC00C13ECC /* Build configuration list for PBXNativeTarget "Trivia" */;
			buildPhases = (
				E332676B20CCE4EA00C13ECC /* Sources */,
				E332676C20CCE4EA00C13ECC /* Frameworks */,
				E332676D20CCE4EA00C13ECC /* Resources */,
			);
			buildRules = (
			);
			dependencies = (
			);
			name = Trivia;
			productName = Trivia;
			productReference = E332676F20CCE4EA00C13ECC /* Trivia.app */;
			productType = "com.apple.product-type.application";
		};
		E332678620CCE4EC00C13ECC /* TriviaTests */ = {
			isa = PBXNativeTarget;
			buildConfigurationList = E332679E20CCE4EC00C13ECC /* Build configuration list for PBXNativeTarget "TriviaTests" */;
			buildPhases = (
				E332678320CCE4EC00C13ECC /* Sources */,
				E332678420CCE4EC00C13ECC /* Frameworks */,
				E332678520CCE4EC00C13ECC /* Resources */,
			);
			buildRules = (
			);
			dependencies = (
				E332678920CCE4EC00C13ECC /* PBXTargetDependency */,
			);
			name = TriviaTests;
			productName = TriviaTests;
			productReference = E332678720CCE4EC00C13ECC /* TriviaTests.xctest */;
			productType = "com.apple.product-type.bundle.unit-test";
		};
		E332679120CCE4EC00C13ECC /* TriviaUITests */ = {
			isa = PBXNativeTarget;
			buildConfigurationList = E33267A120CCE4EC00C13ECC /* Build configuration list for PBXNativeTarget "TriviaUITests" */;
			buildPhases = (
				E332678E20CCE4EC00C13ECC /* Sources */,
				E332678F20CCE4EC00C13ECC /* Frameworks */,
				E332679020CCE4EC00C13ECC /* Resources */,
			);
			buildRules = (
			);
			dependencies = (
				E332679420CCE4EC00C13ECC /* PBXTargetDependency */,
			);
			name = TriviaUITests;
			productName = TriviaUITests;
			productReference = E332679220CCE4EC00C13ECC /* TriviaUITests.xctest */;
			productType = "com.apple.product-type.bundle.ui-testing";
		};
/* End PBXNativeTarget section */

/* Begin PBXProject section */
		E332676720CCE4E900C13ECC /* Project object */ = {
			isa = PBXProject;
			attributes = {
				LastUpgradeCheck = 0940;
				ORGANIZATIONNAME = "AandA Development";
				TargetAttributes = {
					E332676E20CCE4EA00C13ECC = {
						CreatedOnToolsVersion = 9.4;
					};
					E332678620CCE4EC00C13ECC = {
						CreatedOnToolsVersion = 9.4;
						TestTargetID = E332676E20CCE4EA00C13ECC;
					};
					E332679120CCE4EC00C13ECC = {
						CreatedOnToolsVersion = 9.4;
						TestTargetID = E332676E20CCE4EA00C13ECC;
					};
				};
			};
			buildConfigurationList = E332676A20CCE4E900C13ECC /* Build configuration list for PBXProject "Trivia" */;
			compatibilityVersion = "Xcode 9.3";
			developmentRegion = en;
			hasScannedForEncodings = 0;
			knownRegions = (
				en,
				Base,
			);
			mainGroup = E332676620CCE4E900C13ECC;
			productRefGroup = E332677020CCE4EA00C13ECC /* Products */;
			projectDirPath = "";
			projectRoot = "";
			targets = (
				E332676E20CCE4EA00C13ECC /* Trivia */,
				E332678620CCE4EC00C13ECC /* TriviaTests */,
				E332679120CCE4EC00C13ECC /* TriviaUITests */,
			);
		};
/* End PBXProject section */

/* Begin PBXResourcesBuildPhase section */
		E332676D20CCE4EA00C13ECC /* Resources */ = {
			isa = PBXResourcesBuildPhase;
			buildActionMask = 2147483647;
			files = (
				E332677F20CCE4EC00C13ECC /* LaunchScreen.storyboard in Resources */,
				E3E4EA6A20D5DA1100322B27 /* SteelCircular.jpg in Resources */,
				E3E4EA6E20D5FA1A00322B27 /* metalGrid.jpg in Resources */,
				E3E4EA7620D60FB400322B27 /* parquet.jpg in Resources */,
				E3E4EA7220D5FA4800322B27 /* blackStone.jpg in Resources */,
				E3E4EA7E20D60FDB00322B27 /* wood.jpg in Resources */,
				E3E4EA8220D6109300322B27 /* concrete.jpg in Resources */,
				E332677C20CCE4EC00C13ECC /* Assets.xcassets in Resources */,
				E3E4EA7A20D60FC700322B27 /* darkWood.jpg in Resources */,
				E341272020E03B630076BE66 /* trivia.db in Resources */,
				E332677A20CCE4EA00C13ECC /* Main.storyboard in Resources */,
				E3E4EA8A20D6C22A00322B27 /* metalRidges.jpg in Resources */,
				E3E4EA8E20D6C25600322B27 /* bronze.jpg in Resources */,
			);
			runOnlyForDeploymentPostprocessing = 0;
		};
		E332678520CCE4EC00C13ECC /* Resources */ = {
			isa = PBXResourcesBuildPhase;
			buildActionMask = 2147483647;
			files = (
				E3E4EA6F20D5FA1A00322B27 /* metalGrid.jpg in Resources */,
				E3E4EA6B20D5DA1100322B27 /* SteelCircular.jpg in Resources */,
				E3E4EA8B20D6C22A00322B27 /* metalRidges.jpg in Resources */,
				E3E4EA7320D5FA4800322B27 /* blackStone.jpg in Resources */,
				E3E4EA7B20D60FC700322B27 /* darkWood.jpg in Resources */,
				E3E4EA8F20D6C25600322B27 /* bronze.jpg in Resources */,
				E3E4EA7720D60FB400322B27 /* parquet.jpg in Resources */,
				E3E4EA8320D6109300322B27 /* concrete.jpg in Resources */,
				E341272120E03B630076BE66 /* trivia.db in Resources */,
				E3E4EA7F20D60FDB00322B27 /* wood.jpg in Resources */,
			);
			runOnlyForDeploymentPostprocessing = 0;
		};
		E332679020CCE4EC00C13ECC /* Resources */ = {
			isa = PBXResourcesBuildPhase;
			buildActionMask = 2147483647;
			files = (
				E3E4EA7020D5FA1A00322B27 /* metalGrid.jpg in Resources */,
				E3E4EA6C20D5DA1100322B27 /* SteelCircular.jpg in Resources */,
				E3E4EA8C20D6C22A00322B27 /* metalRidges.jpg in Resources */,
				E3E4EA7420D5FA4800322B27 /* blackStone.jpg in Resources */,
				E3E4EA7C20D60FC700322B27 /* darkWood.jpg in Resources */,
				E3E4EA9020D6C25600322B27 /* bronze.jpg in Resources */,
				E3E4EA7820D60FB400322B27 /* parquet.jpg in Resources */,
				E3E4EA8420D6109300322B27 /* concrete.jpg in Resources */,
				E341272220E03B630076BE66 /* trivia.db in Resources */,
				E3E4EA8020D60FDB00322B27 /* wood.jpg in Resources */,
			);
			runOnlyForDeploymentPostprocessing = 0;
		};
/* End PBXResourcesBuildPhase section */

/* Begin PBXSourcesBuildPhase section */
		E332676B20CCE4EA00C13ECC /* Sources */ = {
			isa = PBXSourcesBuildPhase;
			buildActionMask = 2147483647;
			files = (
				E38FB97820E0A0CE0011A9D8 /* customSegue.m in Sources */,
				E332678220CCE4EC00C13ECC /* main.m in Sources */,
				E3E4EA4120CF01AD00322B27 /* StartViewController.m in Sources */,
				E332677420CCE4EA00C13ECC /* AppDelegate.m in Sources */,
				E341272520E052E30076BE66 /* Buttons.m in Sources */,
				E3E4EA5D20D04B2200322B27 /* Validate.m in Sources */,
				E3ED693520DEF01E00E59D78 /* SpeedViewController.m in Sources */,
				E3E4EA4520CF01E800322B27 /* PlayViewController.m in Sources */,
				E38FB97520E08A1B0011A9D8 /* Labels.m in Sources */,
				E3E4EA3E20CEFF8D00322B27 /* DBManager.m in Sources */,
			);
			runOnlyForDeploymentPostprocessing = 0;
		};
		E332678320CCE4EC00C13ECC /* Sources */ = {
			isa = PBXSourcesBuildPhase;
			buildActionMask = 2147483647;
			files = (
				E332678C20CCE4EC00C13ECC /* TriviaTests.m in Sources */,
				E341272620E052E30076BE66 /* Buttons.m in Sources */,
			);
			runOnlyForDeploymentPostprocessing = 0;
		};
		E332678E20CCE4EC00C13ECC /* Sources */ = {
			isa = PBXSourcesBuildPhase;
			buildActionMask = 2147483647;
			files = (
				E332679720CCE4EC00C13ECC /* TriviaUITests.m in Sources */,
				E341272720E052E30076BE66 /* Buttons.m in Sources */,
			);
			runOnlyForDeploymentPostprocessing = 0;
		};
/* End PBXSourcesBuildPhase section */

/* Begin PBXTargetDependency section */
		E332678920CCE4EC00C13ECC /* PBXTargetDependency */ = {
			isa = PBXTargetDependency;
			target = E332676E20CCE4EA00C13ECC /* Trivia */;
			targetProxy = E332678820CCE4EC00C13ECC /* PBXContainerItemProxy */;
		};
		E332679420CCE4EC00C13ECC /* PBXTargetDependency */ = {
			isa = PBXTargetDependency;
			target = E332676E20CCE4EA00C13ECC /* Trivia */;
			targetProxy = E332679320CCE4EC00C13ECC /* PBXContainerItemProxy */;
		};
/* End PBXTargetDependency section */

/* Begin PBXVariantGroup section */
		E332677820CCE4EA00C13ECC /* Main.storyboard */ = {
			isa = PBXVariantGroup;
			children = (
				E332677920CCE4EA00C13ECC /* Base */,
			);
			name = Main.storyboard;
			sourceTree = "<group>";
		};
		E332677D20CCE4EC00C13ECC /* LaunchScreen.storyboard */ = {
			isa = PBXVariantGroup;
			children = (
				E332677E20CCE4EC00C13ECC /* Base */,
			);
			name = LaunchScreen.storyboard;
			sourceTree = "<group>";
		};
/* End PBXVariantGroup section */

/* Begin XCBuildConfiguration section */
		E332679920CCE4EC00C13ECC /* Debug */ = {
			isa = XCBuildConfiguration;
			buildSettings = {
				ALWAYS_SEARCH_USER_PATHS = NO;
				CLANG_ANALYZER_NONNULL = YES;
				CLANG_ANALYZER_NUMBER_OBJECT_CONVERSION = YES_AGGRESSIVE;
				CLANG_CXX_LANGUAGE_STANDARD = "gnu++14";
				CLANG_CXX_LIBRARY = "libc++";
				CLANG_ENABLE_MODULES = YES;
				CLANG_ENABLE_OBJC_ARC = YES;
				CLANG_ENABLE_OBJC_WEAK = YES;
				CLANG_WARN_BLOCK_CAPTURE_AUTORELEASING = YES;
				CLANG_WARN_BOOL_CONVERSION = YES;
				CLANG_WARN_COMMA = YES;
				CLANG_WARN_CONSTANT_CONVERSION = YES;
				CLANG_WARN_DEPRECATED_OBJC_IMPLEMENTATIONS = YES;
				CLANG_WARN_DIRECT_OBJC_ISA_USAGE = YES_ERROR;
				CLANG_WARN_DOCUMENTATION_COMMENTS = YES;
				CLANG_WARN_EMPTY_BODY = YES;
				CLANG_WARN_ENUM_CONVERSION = YES;
				CLANG_WARN_INFINITE_RECURSION = YES;
				CLANG_WARN_INT_CONVERSION = YES;
				CLANG_WARN_NON_LITERAL_NULL_CONVERSION = YES;
				CLANG_WARN_OBJC_IMPLICIT_RETAIN_SELF = YES;
				CLANG_WARN_OBJC_LITERAL_CONVERSION = YES;
				CLANG_WARN_OBJC_ROOT_CLASS = YES_ERROR;
				CLANG_WARN_RANGE_LOOP_ANALYSIS = YES;
				CLANG_WARN_STRICT_PROTOTYPES = YES;
				CLANG_WARN_SUSPICIOUS_MOVE = YES;
				CLANG_WARN_UNGUARDED_AVAILABILITY = YES_AGGRESSIVE;
				CLANG_WARN_UNREACHABLE_CODE = YES;
				CLANG_WARN__DUPLICATE_METHOD_MATCH = YES;
				CODE_SIGN_IDENTITY = "iPhone Developer";
				COPY_PHASE_STRIP = NO;
				DEBUG_INFORMATION_FORMAT = dwarf;
				ENABLE_STRICT_OBJC_MSGSEND = YES;
				ENABLE_TESTABILITY = YES;
				GCC_C_LANGUAGE_STANDARD = gnu11;
				GCC_DYNAMIC_NO_PIC = NO;
				GCC_NO_COMMON_BLOCKS = YES;
				GCC_OPTIMIZATION_LEVEL = 0;
				GCC_PREPROCESSOR_DEFINITIONS = (
					"DEBUG=1",
					"$(inherited)",
				);
				GCC_WARN_64_TO_32_BIT_CONVERSION = YES;
				GCC_WARN_ABOUT_RETURN_TYPE = YES_ERROR;
				GCC_WARN_UNDECLARED_SELECTOR = YES;
				GCC_WARN_UNINITIALIZED_AUTOS = YES_AGGRESSIVE;
				GCC_WARN_UNUSED_FUNCTION = YES;
				GCC_WARN_UNUSED_VARIABLE = YES;
				IPHONEOS_DEPLOYMENT_TARGET = 11.4;
				MTL_ENABLE_DEBUG_INFO = YES;
				ONLY_ACTIVE_ARCH = YES;
				SDKROOT = iphoneos;
			};
			name = Debug;
		};
		E332679A20CCE4EC00C13ECC /* Release */ = {
			isa = XCBuildConfiguration;
			buildSettings = {
				ALWAYS_SEARCH_USER_PATHS = NO;
				CLANG_ANALYZER_NONNULL = YES;
				CLANG_ANALYZER_NUMBER_OBJECT_CONVERSION = YES_AGGRESSIVE;
				CLANG_CXX_LANGUAGE_STANDARD = "gnu++14";
				CLANG_CXX_LIBRARY = "libc++";
				CLANG_ENABLE_MODULES = YES;
				CLANG_ENABLE_OBJC_ARC = YES;
				CLANG_ENABLE_OBJC_WEAK = YES;
				CLANG_WARN_BLOCK_CAPTURE_AUTORELEASING = YES;
				CLANG_WARN_BOOL_CONVERSION = YES;
				CLANG_WARN_COMMA = YES;
				CLANG_WARN_CONSTANT_CONVERSION = YES;
				CLANG_WARN_DEPRECATED_OBJC_IMPLEMENTATIONS = YES;
				CLANG_WARN_DIRECT_OBJC_ISA_USAGE = YES_ERROR;
				CLANG_WARN_DOCUMENTATION_COMMENTS = YES;
				CLANG_WARN_EMPTY_BODY = YES;
				CLANG_WARN_ENUM_CONVERSION = YES;
				CLANG_WARN_INFINITE_RECURSION = YES;
				CLANG_WARN_INT_CONVERSION = YES;
				CLANG_WARN_NON_LITERAL_NULL_CONVERSION = YES;
				CLANG_WARN_OBJC_IMPLICIT_RETAIN_SELF = YES;
				CLANG_WARN_OBJC_LITERAL_CONVERSION = YES;
				CLANG_WARN_OBJC_ROOT_CLASS = YES_ERROR;
				CLANG_WARN_RANGE_LOOP_ANALYSIS = YES;
				CLANG_WARN_STRICT_PROTOTYPES = YES;
				CLANG_WARN_SUSPICIOUS_MOVE = YES;
				CLANG_WARN_UNGUARDED_AVAILABILITY = YES_AGGRESSIVE;
				CLANG_WARN_UNREACHABLE_CODE = YES;
				CLANG_WARN__DUPLICATE_METHOD_MATCH = YES;
				CODE_SIGN_IDENTITY = "iPhone Developer";
				COPY_PHASE_STRIP = NO;
				DEBUG_INFORMATION_FORMAT = "dwarf-with-dsym";
				ENABLE_NS_ASSERTIONS = NO;
				ENABLE_STRICT_OBJC_MSGSEND = YES;
				GCC_C_LANGUAGE_STANDARD = gnu11;
				GCC_NO_COMMON_BLOCKS = YES;
				GCC_WARN_64_TO_32_BIT_CONVERSION = YES;
				GCC_WARN_ABOUT_RETURN_TYPE = YES_ERROR;
				GCC_WARN_UNDECLARED_SELECTOR = YES;
				GCC_WARN_UNINITIALIZED_AUTOS = YES_AGGRESSIVE;
				GCC_WARN_UNUSED_FUNCTION = YES;
				GCC_WARN_UNUSED_VARIABLE = YES;
				IPHONEOS_DEPLOYMENT_TARGET = 11.4;
				MTL_ENABLE_DEBUG_INFO = NO;
				SDKROOT = iphoneos;
				VALIDATE_PRODUCT = YES;
			};
			name = Release;
		};
		E332679C20CCE4EC00C13ECC /* Debug */ = {
			isa = XCBuildConfiguration;
			buildSettings = {
				ASSETCATALOG_COMPILER_APPICON_NAME = AppIcon;
				CODE_SIGN_STYLE = Automatic;
				DEVELOPMENT_TEAM = 46FKL82M3N;
				INFOPLIST_FILE = Trivia/Info.plist;
				LD_RUNPATH_SEARCH_PATHS = (
					"$(inherited)",
					"@executable_path/Frameworks",
				);
				PRODUCT_BUNDLE_IDENTIFIER = AandA.Trivia;
				PRODUCT_NAME = "$(TARGET_NAME)";
				TARGETED_DEVICE_FAMILY = "1,2";
			};
			name = Debug;
		};
		E332679D20CCE4EC00C13ECC /* Release */ = {
			isa = XCBuildConfiguration;
			buildSettings = {
				ASSETCATALOG_COMPILER_APPICON_NAME = AppIcon;
				CODE_SIGN_STYLE = Automatic;
				DEVELOPMENT_TEAM = 46FKL82M3N;
				INFOPLIST_FILE = Trivia/Info.plist;
				LD_RUNPATH_SEARCH_PATHS = (
					"$(inherited)",
					"@executable_path/Frameworks",
				);
				PRODUCT_BUNDLE_IDENTIFIER = AandA.Trivia;
				PRODUCT_NAME = "$(TARGET_NAME)";
				TARGETED_DEVICE_FAMILY = "1,2";
			};
			name = Release;
		};
		E332679F20CCE4EC00C13ECC /* Debug */ = {
			isa = XCBuildConfiguration;
			buildSettings = {
				BUNDLE_LOADER = "$(TEST_HOST)";
				CODE_SIGN_STYLE = Automatic;
				DEVELOPMENT_TEAM = 46FKL82M3N;
				INFOPLIST_FILE = TriviaTests/Info.plist;
				LD_RUNPATH_SEARCH_PATHS = (
					"$(inherited)",
					"@executable_path/Frameworks",
					"@loader_path/Frameworks",
				);
				PRODUCT_BUNDLE_IDENTIFIER = AandA.TriviaTests;
				PRODUCT_NAME = "$(TARGET_NAME)";
				TARGETED_DEVICE_FAMILY = "1,2";
				TEST_HOST = "$(BUILT_PRODUCTS_DIR)/Trivia.app/Trivia";
			};
			name = Debug;
		};
		E33267A020CCE4EC00C13ECC /* Release */ = {
			isa = XCBuildConfiguration;
			buildSettings = {
				BUNDLE_LOADER = "$(TEST_HOST)";
				CODE_SIGN_STYLE = Automatic;
				DEVELOPMENT_TEAM = 46FKL82M3N;
				INFOPLIST_FILE = TriviaTests/Info.plist;
				LD_RUNPATH_SEARCH_PATHS = (
					"$(inherited)",
					"@executable_path/Frameworks",
					"@loader_path/Frameworks",
				);
				PRODUCT_BUNDLE_IDENTIFIER = AandA.TriviaTests;
				PRODUCT_NAME = "$(TARGET_NAME)";
				TARGETED_DEVICE_FAMILY = "1,2";
				TEST_HOST = "$(BUILT_PRODUCTS_DIR)/Trivia.app/Trivia";
			};
			name = Release;
		};
		E33267A220CCE4EC00C13ECC /* Debug */ = {
			isa = XCBuildConfiguration;
			buildSettings = {
				CODE_SIGN_STYLE = Automatic;
				DEVELOPMENT_TEAM = 46FKL82M3N;
				INFOPLIST_FILE = TriviaUITests/Info.plist;
				LD_RUNPATH_SEARCH_PATHS = (
					"$(inherited)",
					"@executable_path/Frameworks",
					"@loader_path/Frameworks",
				);
				PRODUCT_BUNDLE_IDENTIFIER = AandA.TriviaUITests;
				PRODUCT_NAME = "$(TARGET_NAME)";
				TARGETED_DEVICE_FAMILY = "1,2";
				TEST_TARGET_NAME = Trivia;
			};
			name = Debug;
		};
		E33267A320CCE4EC00C13ECC /* Release */ = {
			isa = XCBuildConfiguration;
			buildSettings = {
				CODE_SIGN_STYLE = Automatic;
				DEVELOPMENT_TEAM = 46FKL82M3N;
				INFOPLIST_FILE = TriviaUITests/Info.plist;
				LD_RUNPATH_SEARCH_PATHS = (
					"$(inherited)",
					"@executable_path/Frameworks",
					"@loader_path/Frameworks",
				);
				PRODUCT_BUNDLE_IDENTIFIER = AandA.TriviaUITests;
				PRODUCT_NAME = "$(TARGET_NAME)";
				TARGETED_DEVICE_FAMILY = "1,2";
				TEST_TARGET_NAME = Trivia;
			};
			name = Release;
		};
/* End XCBuildConfiguration section */

/* Begin XCConfigurationList section */
		E332676A20CCE4E900C13ECC /* Build configuration list for PBXProject "Trivia" */ = {
			isa = XCConfigurationList;
			buildConfigurations = (
				E332679920CCE4EC00C13ECC /* Debug */,
				E332679A20CCE4EC00C13ECC /* Release */,
			);
			defaultConfigurationIsVisible = 0;
			defaultConfigurationName = Release;
		};
		E332679B20CCE4EC00C13ECC /* Build configuration list for PBXNativeTarget "Trivia" */ = {
			isa = XCConfigurationList;
			buildConfigurations = (
				E332679C20CCE4EC00C13ECC /* Debug */,
				E332679D20CCE4EC00C13ECC /* Release */,
			);
			defaultConfigurationIsVisible = 0;
			defaultConfigurationName = Release;
		};
		E332679E20CCE4EC00C13ECC /* Build configuration list for PBXNativeTarget "TriviaTests" */ = {
			isa = XCConfigurationList;
			buildConfigurations = (
				E332679F20CCE4EC00C13ECC /* Debug */,
				E33267A020CCE4EC00C13ECC /* Release */,
			);
			defaultConfigurationIsVisible = 0;
			defaultConfigurationName = Release;
		};
		E33267A120CCE4EC00C13ECC /* Build configuration list for PBXNativeTarget "TriviaUITests" */ = {
			isa = XCConfigurationList;
			buildConfigurations = (
				E33267A220CCE4EC00C13ECC /* Debug */,
				E33267A320CCE4EC00C13ECC /* Release */,
			);
			defaultConfigurationIsVisible = 0;
			defaultConfigurationName = Release;
		};
/* End XCConfigurationList section */
	};
	rootObject = E332676720CCE4E900C13ECC /* Project object */;
}
